
Microsoft Visual Studio Solution File, Format Version 12.00
# Visual Studio Version 16
VisualStudioVersion = 16.0.31727.386
MinimumVisualStudioVersion = 10.0.40219.1
Project("{2150E333-8FDC-42A3-9474-1A3956D46DE8}") = "Solution Items", "Solution Items", "{47B6840E-5F0B-4816-996E-900C4AABB447}"
	ProjectSection(SolutionItems) = preProject
		.editorconfig = .editorconfig
	EndProjectSection
EndProject
Project("{2150E333-8FDC-42A3-9474-1A3956D46DE8}") = "src", "src", "{41173ED4-07F0-44A8-9153-A75F0F47E4F2}"
EndProject
Project("{9A19103F-16F7-4668-BE54-9A1E7A4F7556}") = "MoreNet.DependencyInjection", "src\MoreNet.DependencyInjection\MoreNet.DependencyInjection.csproj", "{66A338EE-CDF0-492D-979B-032D8B97A49E}"
EndProject
Project("{2150E333-8FDC-42A3-9474-1A3956D46DE8}") = "tests", "tests", "{FC475D94-0A9C-408B-9285-2E7473C340F6}"
EndProject
Project("{9A19103F-16F7-4668-BE54-9A1E7A4F7556}") = "MoreNet.DependencyInjection.UnitTests", "tests\MoreNet.DependencyInjection.UnitTests\MoreNet.DependencyInjection.UnitTests.csproj", "{8BF53C23-040D-4972-8ADD-8FA422AFD8D3}"
EndProject
Project("{9A19103F-16F7-4668-BE54-9A1E7A4F7556}") = "MoreNet.DependencyInjection.IntegrationTests", "tests\MoreNet.DependencyInjection.IntegrationTests\MoreNet.DependencyInjection.IntegrationTests.csproj", "{56FB0087-1F96-430B-AE6E-1F2979582C12}"
EndProject
Project("{2150E333-8FDC-42A3-9474-1A3956D46DE8}") = "tools", "tools", "{287E6A0C-82A3-47BB-B325-F5006488AC79}"
EndProject
Project("{FAE04EC0-301F-11D3-BF4B-00C04F79EFBC}") = "MoreNet.DependencyInjection.DocFx", "tools\MoreNet.DependencyInjection.DocFx\MoreNet.DependencyInjection.DocFx.csproj", "{3ACA9CA1-CF66-43D0-90B1-79589881CCAB}"
EndProject
Project("{2150E333-8FDC-42A3-9474-1A3956D46DE8}") = "samples", "samples", "{A0D21E25-F2D4-492F-AB0E-FE7C88B1C02B}"
EndProject
Project("{9A19103F-16F7-4668-BE54-9A1E7A4F7556}") = "MoreNet.DependencyInjection.Demo", "samples\MoreNet.DependencyInjection.Demo\MoreNet.DependencyInjection.Demo.csproj", "{D15BE99C-D50D-404B-B776-0DBBB60F1278}"
EndProject
Global
	GlobalSection(SolutionConfigurationPlatforms) = preSolution
		Debug|Any CPU = Debug|Any CPU
		Release|Any CPU = Release|Any CPU
	EndGlobalSection
	GlobalSection(ProjectConfigurationPlatforms) = postSolution
		{66A338EE-CDF0-492D-979B-032D8B97A49E}.Debug|Any CPU.ActiveCfg = Debug|Any CPU
		{66A338EE-CDF0-492D-979B-032D8B97A49E}.Debug|Any CPU.Build.0 = Debug|Any CPU
		{66A338EE-CDF0-492D-979B-032D8B97A49E}.Release|Any CPU.ActiveCfg = Release|Any CPU
		{66A338EE-CDF0-492D-979B-032D8B97A49E}.Release|Any CPU.Build.0 = Release|Any CPU
		{8BF53C23-040D-4972-8ADD-8FA422AFD8D3}.Debug|Any CPU.ActiveCfg = Debug|Any CPU
		{8BF53C23-040D-4972-8ADD-8FA422AFD8D3}.Debug|Any CPU.Build.0 = Debug|Any CPU
		{8BF53C23-040D-4972-8ADD-8FA422AFD8D3}.Release|Any CPU.ActiveCfg = Release|Any CPU
		{8BF53C23-040D-4972-8ADD-8FA422AFD8D3}.Release|Any CPU.Build.0 = Release|Any CPU
		{56FB0087-1F96-430B-AE6E-1F2979582C12}.Debug|Any CPU.ActiveCfg = Debug|Any CPU
		{56FB0087-1F96-430B-AE6E-1F2979582C12}.Debug|Any CPU.Build.0 = Debug|Any CPU
		{56FB0087-1F96-430B-AE6E-1F2979582C12}.Release|Any CPU.ActiveCfg = Release|Any CPU
		{56FB0087-1F96-430B-AE6E-1F2979582C12}.Release|Any CPU.Build.0 = Release|Any CPU
		{3ACA9CA1-CF66-43D0-90B1-79589881CCAB}.Debug|Any CPU.ActiveCfg = Debug|Any CPU
		{3ACA9CA1-CF66-43D0-90B1-79589881CCAB}.Debug|Any CPU.Build.0 = Debug|Any CPU
		{3ACA9CA1-CF66-43D0-90B1-79589881CCAB}.Release|Any CPU.ActiveCfg = Release|Any CPU
		{3ACA9CA1-CF66-43D0-90B1-79589881CCAB}.Release|Any CPU.Build.0 = Release|Any CPU
		{D15BE99C-D50D-404B-B776-0DBBB60F1278}.Debug|Any CPU.ActiveCfg = Debug|Any CPU
		{D15BE99C-D50D-404B-B776-0DBBB60F1278}.Debug|Any CPU.Build.0 = Debug|Any CPU
		{D15BE99C-D50D-404B-B776-0DBBB60F1278}.Release|Any CPU.ActiveCfg = Release|Any CPU
		{D15BE99C-D50D-404B-B776-0DBBB60F1278}.Release|Any CPU.Build.0 = Release|Any CPU
	EndGlobalSection
	GlobalSection(SolutionProperties) = preSolution
		HideSolutionNode = FALSE
	EndGlobalSection
	GlobalSection(NestedProjects) = preSolution
		{66A338EE-CDF0-492D-979B-032D8B97A49E} = {41173ED4-07F0-44A8-9153-A75F0F47E4F2}
		{8BF53C23-040D-4972-8ADD-8FA422AFD8D3} = {FC475D94-0A9C-408B-9285-2E7473C340F6}
		{56FB0087-1F96-430B-AE6E-1F2979582C12} = {FC475D94-0A9C-408B-9285-2E7473C340F6}
		{3ACA9CA1-CF66-43D0-90B1-79589881CCAB} = {287E6A0C-82A3-47BB-B325-F5006488AC79}
		{D15BE99C-D50D-404B-B776-0DBBB60F1278} = {A0D21E25-F2D4-492F-AB0E-FE7C88B1C02B}
	EndGlobalSection
	GlobalSection(ExtensibilityGlobals) = postSolution
		SolutionGuid = {52DAC57B-24CC-4A65-86AC-7F57217EDEE6}
	EndGlobalSection
EndGlobal
